
Microsoft Visual Studio Solution File, Format Version 12.00
# Visual Studio Version 16
VisualStudioVersion = 16.0.30104.148
MinimumVisualStudioVersion = 10.0.40219.1
Project("{FAE04EC0-301F-11D3-BF4B-00C04F79EFBC}") = "AutenticacaoAspNet", "AutenticacaoAspNet\AutenticacaoAspNet.csproj", "{2119480B-151A-4563-BDE5-FFE9A4175090}"
EndProject
Global
	GlobalSection(SolutionConfigurationPlatforms) = preSolution
		Debug|Any CPU = Debug|Any CPU
		Release|Any CPU = Release|Any CPU
	EndGlobalSection
	GlobalSection(ProjectConfigurationPlatforms) = postSolution
		{2119480B-151A-4563-BDE5-FFE9A4175090}.Debug|Any CPU.ActiveCfg = Debug|Any CPU
		{2119480B-151A-4563-BDE5-FFE9A4175090}.Debug|Any CPU.Build.0 = Debug|Any CPU
		{2119480B-151A-4563-BDE5-FFE9A4175090}.Release|Any CPU.ActiveCfg = Release|Any CPU
		{2119480B-151A-4563-BDE5-FFE9A4175090}.Release|Any CPU.Build.0 = Release|Any CPU
	EndGlobalSection
	GlobalSection(SolutionProperties) = preSolution
		HideSolutionNode = FALSE
	EndGlobalSection
	GlobalSection(ExtensibilityGlobals) = postSolution
		SolutionGuid = {DBB273A8-9733-42A6-81A3-A989D50F91D4}
	EndGlobalSection
EndGlobal
